// !$*UTF8*$!
{
	archiveVersion = 1;
	classes = {
	};
	objectVersion = 77;
	objects = {

/* Begin PBXBuildFile section */
		0FDCFD6D7AF6CEB3A32B6B7E /* JSONParsingTests.swift in Sources */ = {isa = PBXBuildFile; fileRef = 48BC8F55AC64F1681FCBA112 /* JSONParsingTests.swift */; };
		25AC09A94A6C83A805DDA943 /* SettingsView.swift in Sources */ = {isa = PBXBuildFile; fileRef = 94FBBA43155372231E4B86F6 /* SettingsView.swift */; };
		297D631CBABB82013B9D2C91 /* RecordsView.swift in Sources */ = {isa = PBXBuildFile; fileRef = F33F9BDBB231287BCE906A1B /* RecordsView.swift */; };
		2D21D7DD7DCA50D14C319CE5 /* SetupWizardView.swift in Sources */ = {isa = PBXBuildFile; fileRef = 0E56DB4762B824DDE57E6BF3 /* SetupWizardView.swift */; };
		473CE399EEB099D2368B59CA /* ExpenseCaptureApp.swift in Sources */ = {isa = PBXBuildFile; fileRef = 209C2709AAB2B3DDE353AA00 /* ExpenseCaptureApp.swift */; };
		6422C56E51FC6D8522F73CA3 /* AppSettingsTests.swift in Sources */ = {isa = PBXBuildFile; fileRef = 0F750C0E443D8458F28360B0 /* AppSettingsTests.swift */; };
		81AC3D4DEB6C3EB55AAF0C5C /* LogView.swift in Sources */ = {isa = PBXBuildFile; fileRef = B0064D04BC666479A59DC651 /* LogView.swift */; };
		90828B36415259B3B8641452 /* DateParsingTests.swift in Sources */ = {isa = PBXBuildFile; fileRef = 6E1436D900FC0770917E9D55 /* DateParsingTests.swift */; };
		922FD1EE2E418887E240B9BC /* IntentLogger.swift in Sources */ = {isa = PBXBuildFile; fileRef = A7F084DC6D3603B05311DF2E /* IntentLogger.swift */; };
		962B531BEE2605A6871F37DC /* AppSettings.swift in Sources */ = {isa = PBXBuildFile; fileRef = 954B80F58D5BF59A2424342E /* AppSettings.swift */; };
		B11E299E34F6D5F2426A8447 /* ExpenseRecordTests.swift in Sources */ = {isa = PBXBuildFile; fileRef = AC660B0382458A8861383E06 /* ExpenseRecordTests.swift */; };
		BBE78BB2C5249FFFE499418B /* ExpenseRecord.swift in Sources */ = {isa = PBXBuildFile; fileRef = 93150EB6F7A1762AF201FD2F /* ExpenseRecord.swift */; };
		D6C15918552FFC8662A94961 /* GLMVisionService.swift in Sources */ = {isa = PBXBuildFile; fileRef = E3B6A4250430573EFE55A1F3 /* GLMVisionService.swift */; };
		E59A5AAEF7B5EEBEF67C5BE2 /* Assets.xcassets in Resources */ = {isa = PBXBuildFile; fileRef = 122813F9D0EE911DFDDBFF8D /* Assets.xcassets */; };
		F58B5A62856F156C746F57CB /* AnalyzeExpenseIntent.swift in Sources */ = {isa = PBXBuildFile; fileRef = 54244111B9A117B06CE7847B /* AnalyzeExpenseIntent.swift */; };
		F6638578D66061D788FC8177 /* ContentView.swift in Sources */ = {isa = PBXBuildFile; fileRef = B5F26C015F1210C7C1575242 /* ContentView.swift */; };
		F84EA5DE012BDEC34AB39AE5 /* FeishuBitableService.swift in Sources */ = {isa = PBXBuildFile; fileRef = 15DC166C51AF1BAB87EBF198 /* FeishuBitableService.swift */; };
/* End PBXBuildFile section */

/* Begin PBXContainerItemProxy section */
		5E7B712539A580E64EFB2FB0 /* PBXContainerItemProxy */ = {
			isa = PBXContainerItemProxy;
			containerPortal = 2AB294ABC1021CCA3C5CFD93 /* Project object */;
			proxyType = 1;
			remoteGlobalIDString = 956B42C178AFB64CFE890C62;
			remoteInfo = ExpenseCapture;
		};
/* End PBXContainerItemProxy section */

/* Begin PBXFileReference section */
		0E56DB4762B824DDE57E6BF3 /* SetupWizardView.swift */ = {isa = PBXFileReference; lastKnownFileType = sourcecode.swift; path = SetupWizardView.swift; sourceTree = "<group>"; };
		0F750C0E443D8458F28360B0 /* AppSettingsTests.swift */ = {isa = PBXFileReference; lastKnownFileType = sourcecode.swift; path = AppSettingsTests.swift; sourceTree = "<group>"; };
		122813F9D0EE911DFDDBFF8D /* Assets.xcassets */ = {isa = PBXFileReference; lastKnownFileType = folder.assetcatalog; path = Assets.xcassets; sourceTree = "<group>"; };
		15DC166C51AF1BAB87EBF198 /* FeishuBitableService.swift */ = {isa = PBXFileReference; lastKnownFileType = sourcecode.swift; path = FeishuBitableService.swift; sourceTree = "<group>"; };
		209C2709AAB2B3DDE353AA00 /* ExpenseCaptureApp.swift */ = {isa = PBXFileReference; lastKnownFileType = sourcecode.swift; path = ExpenseCaptureApp.swift; sourceTree = "<group>"; };
		2F5B6BCF0039AAE1B7E434CB /* ExpenseCapture.app */ = {isa = PBXFileReference; explicitFileType = wrapper.application; includeInIndex = 0; path = ExpenseCapture.app; sourceTree = BUILT_PRODUCTS_DIR; };
		48BC8F55AC64F1681FCBA112 /* JSONParsingTests.swift */ = {isa = PBXFileReference; lastKnownFileType = sourcecode.swift; path = JSONParsingTests.swift; sourceTree = "<group>"; };
		54244111B9A117B06CE7847B /* AnalyzeExpenseIntent.swift */ = {isa = PBXFileReference; lastKnownFileType = sourcecode.swift; path = AnalyzeExpenseIntent.swift; sourceTree = "<group>"; };
		679E65A5BE392C5E4E8D6EC4 /* ExpenseCaptureTests.xctest */ = {isa = PBXFileReference; includeInIndex = 0; lastKnownFileType = wrapper.cfbundle; path = ExpenseCaptureTests.xctest; sourceTree = BUILT_PRODUCTS_DIR; };
		6E1436D900FC0770917E9D55 /* DateParsingTests.swift */ = {isa = PBXFileReference; lastKnownFileType = sourcecode.swift; path = DateParsingTests.swift; sourceTree = "<group>"; };
		824A2988FBC05373274B37B9 /* ExpenseCapture.entitlements */ = {isa = PBXFileReference; lastKnownFileType = text.plist.entitlements; path = ExpenseCapture.entitlements; sourceTree = "<group>"; };
		93150EB6F7A1762AF201FD2F /* ExpenseRecord.swift */ = {isa = PBXFileReference; lastKnownFileType = sourcecode.swift; path = ExpenseRecord.swift; sourceTree = "<group>"; };
		94FBBA43155372231E4B86F6 /* SettingsView.swift */ = {isa = PBXFileReference; lastKnownFileType = sourcecode.swift; path = SettingsView.swift; sourceTree = "<group>"; };
		954B80F58D5BF59A2424342E /* AppSettings.swift */ = {isa = PBXFileReference; lastKnownFileType = sourcecode.swift; path = AppSettings.swift; sourceTree = "<group>"; };
		A7F084DC6D3603B05311DF2E /* IntentLogger.swift */ = {isa = PBXFileReference; lastKnownFileType = sourcecode.swift; path = IntentLogger.swift; sourceTree = "<group>"; };
		AC660B0382458A8861383E06 /* ExpenseRecordTests.swift */ = {isa = PBXFileReference; lastKnownFileType = sourcecode.swift; path = ExpenseRecordTests.swift; sourceTree = "<group>"; };
		B0064D04BC666479A59DC651 /* LogView.swift */ = {isa = PBXFileReference; lastKnownFileType = sourcecode.swift; path = LogView.swift; sourceTree = "<group>"; };
		B5F26C015F1210C7C1575242 /* ContentView.swift */ = {isa = PBXFileReference; lastKnownFileType = sourcecode.swift; path = ContentView.swift; sourceTree = "<group>"; };
		E3B6A4250430573EFE55A1F3 /* GLMVisionService.swift */ = {isa = PBXFileReference; lastKnownFileType = sourcecode.swift; path = GLMVisionService.swift; sourceTree = "<group>"; };
		F33F9BDBB231287BCE906A1B /* RecordsView.swift */ = {isa = PBXFileReference; lastKnownFileType = sourcecode.swift; path = RecordsView.swift; sourceTree = "<group>"; };
/* End PBXFileReference section */

/* Begin PBXGroup section */
		0AF92691EA197A3ADAA938C0 /* Services */ = {
			isa = PBXGroup;
			children = (
				15DC166C51AF1BAB87EBF198 /* FeishuBitableService.swift */,
				E3B6A4250430573EFE55A1F3 /* GLMVisionService.swift */,
			);
			path = Services;
			sourceTree = "<group>";
		};
		546F16D82798CCDA6ADBA295 /* Storage */ = {
			isa = PBXGroup;
			children = (
				954B80F58D5BF59A2424342E /* AppSettings.swift */,
				A7F084DC6D3603B05311DF2E /* IntentLogger.swift */,
			);
			path = Storage;
			sourceTree = "<group>";
		};
		5AA79C36DFA692753B9389AA /* Intents */ = {
			isa = PBXGroup;
			children = (
				54244111B9A117B06CE7847B /* AnalyzeExpenseIntent.swift */,
			);
			path = Intents;
			sourceTree = "<group>";
		};
		65024743E82C45DF40D36261 /* Models */ = {
			isa = PBXGroup;
			children = (
				93150EB6F7A1762AF201FD2F /* ExpenseRecord.swift */,
			);
			path = Models;
			sourceTree = "<group>";
		};
		7B292D5838384B14D1FE067D /* ExpenseCaptureTests */ = {
			isa = PBXGroup;
			children = (
				0F750C0E443D8458F28360B0 /* AppSettingsTests.swift */,
				6E1436D900FC0770917E9D55 /* DateParsingTests.swift */,
				AC660B0382458A8861383E06 /* ExpenseRecordTests.swift */,
				48BC8F55AC64F1681FCBA112 /* JSONParsingTests.swift */,
			);
			path = ExpenseCaptureTests;
			sourceTree = "<group>";
		};
		B8201E6BF03A69EDB43EE16B /* Products */ = {
			isa = PBXGroup;
			children = (
				2F5B6BCF0039AAE1B7E434CB /* ExpenseCapture.app */,
				679E65A5BE392C5E4E8D6EC4 /* ExpenseCaptureTests.xctest */,
			);
			name = Products;
			sourceTree = "<group>";
		};
		DDB6EDFC57D85A5D2B8BE111 /* App */ = {
			isa = PBXGroup;
			children = (
				B5F26C015F1210C7C1575242 /* ContentView.swift */,
				209C2709AAB2B3DDE353AA00 /* ExpenseCaptureApp.swift */,
				B0064D04BC666479A59DC651 /* LogView.swift */,
				F33F9BDBB231287BCE906A1B /* RecordsView.swift */,
				94FBBA43155372231E4B86F6 /* SettingsView.swift */,
				0E56DB4762B824DDE57E6BF3 /* SetupWizardView.swift */,
			);
			path = App;
			sourceTree = "<group>";
		};
		DEA05F450F859CAA67D64F62 /* ExpenseCapture */ = {
			isa = PBXGroup;
			children = (
				122813F9D0EE911DFDDBFF8D /* Assets.xcassets */,
				824A2988FBC05373274B37B9 /* ExpenseCapture.entitlements */,
				DDB6EDFC57D85A5D2B8BE111 /* App */,
				5AA79C36DFA692753B9389AA /* Intents */,
				65024743E82C45DF40D36261 /* Models */,
				0AF92691EA197A3ADAA938C0 /* Services */,
				546F16D82798CCDA6ADBA295 /* Storage */,
			);
			path = ExpenseCapture;
			sourceTree = "<group>";
		};
		F7CBFE26665F6A0DF1C28B62 = {
			isa = PBXGroup;
			children = (
				DEA05F450F859CAA67D64F62 /* ExpenseCapture */,
				7B292D5838384B14D1FE067D /* ExpenseCaptureTests */,
				B8201E6BF03A69EDB43EE16B /* Products */,
			);
			sourceTree = "<group>";
		};
/* End PBXGroup section */

/* Begin PBXNativeTarget section */
		956B42C178AFB64CFE890C62 /* ExpenseCapture */ = {
			isa = PBXNativeTarget;
			buildConfigurationList = 0DDD88C342E18A29A7CBD4F9 /* Build configuration list for PBXNativeTarget "ExpenseCapture" */;
			buildPhases = (
				4B61D5231C8C5450BF7D120C /* Sources */,
				E275F66085B0E2DAB83613BD /* Resources */,
			);
			buildRules = (
			);
			dependencies = (
			);
			name = ExpenseCapture;
			packageProductDependencies = (
			);
			productName = ExpenseCapture;
			productReference = 2F5B6BCF0039AAE1B7E434CB /* ExpenseCapture.app */;
			productType = "com.apple.product-type.application";
		};
		D867CF2AB22F393F73A46C84 /* ExpenseCaptureTests */ = {
			isa = PBXNativeTarget;
			buildConfigurationList = 59BBBDAB034F5A2FFF5B3CC5 /* Build configuration list for PBXNativeTarget "ExpenseCaptureTests" */;
			buildPhases = (
				F1FB6C593763F8F0F1FC92FC /* Sources */,
			);
			buildRules = (
			);
			dependencies = (
				6EDF16B43C4A2D6B6272E762 /* PBXTargetDependency */,
			);
			name = ExpenseCaptureTests;
			packageProductDependencies = (
			);
			productName = ExpenseCaptureTests;
			productReference = 679E65A5BE392C5E4E8D6EC4 /* ExpenseCaptureTests.xctest */;
			productType = "com.apple.product-type.bundle.unit-test";
		};
/* End PBXNativeTarget section */

/* Begin PBXProject section */
		2AB294ABC1021CCA3C5CFD93 /* Project object */ = {
			isa = PBXProject;
			attributes = {
				BuildIndependentTargetsInParallel = YES;
				LastUpgradeCheck = 1600;
				TargetAttributes = {
					956B42C178AFB64CFE890C62 = {
						ProvisioningStyle = Automatic;
					};
					D867CF2AB22F393F73A46C84 = {
						DevelopmentTeam = "";
					};
				};
			};
			buildConfigurationList = BFA3DB9F804F63FCD1D350A3 /* Build configuration list for PBXProject "ExpenseCapture" */;
			developmentRegion = en;
			hasScannedForEncodings = 0;
			knownRegions = (
				Base,
				en,
			);
			mainGroup = F7CBFE26665F6A0DF1C28B62;
			minimizedProjectReferenceProxies = 1;
			preferredProjectObjectVersion = 77;
			productRefGroup = B8201E6BF03A69EDB43EE16B /* Products */;
			projectDirPath = "";
			projectRoot = "";
			targets = (
				956B42C178AFB64CFE890C62 /* ExpenseCapture */,
				D867CF2AB22F393F73A46C84 /* ExpenseCaptureTests */,
			);
		};
/* End PBXProject section */

/* Begin PBXResourcesBuildPhase section */
		E275F66085B0E2DAB83613BD /* Resources */ = {
			isa = PBXResourcesBuildPhase;
			buildActionMask = 2147483647;
			files = (
				E59A5AAEF7B5EEBEF67C5BE2 /* Assets.xcassets in Resources */,
			);
			runOnlyForDeploymentPostprocessing = 0;
		};
/* End PBXResourcesBuildPhase section */

/* Begin PBXSourcesBuildPhase section */
		4B61D5231C8C5450BF7D120C /* Sources */ = {
			isa = PBXSourcesBuildPhase;
			buildActionMask = 2147483647;
			files = (
				F58B5A62856F156C746F57CB /* AnalyzeExpenseIntent.swift in Sources */,
				962B531BEE2605A6871F37DC /* AppSettings.swift in Sources */,
				F6638578D66061D788FC8177 /* ContentView.swift in Sources */,
				473CE399EEB099D2368B59CA /* ExpenseCaptureApp.swift in Sources */,
				BBE78BB2C5249FFFE499418B /* ExpenseRecord.swift in Sources */,
				F84EA5DE012BDEC34AB39AE5 /* FeishuBitableService.swift in Sources */,
				D6C15918552FFC8662A94961 /* GLMVisionService.swift in Sources */,
				922FD1EE2E418887E240B9BC /* IntentLogger.swift in Sources */,
				81AC3D4DEB6C3EB55AAF0C5C /* LogView.swift in Sources */,
				297D631CBABB82013B9D2C91 /* RecordsView.swift in Sources */,
				25AC09A94A6C83A805DDA943 /* SettingsView.swift in Sources */,
				2D21D7DD7DCA50D14C319CE5 /* SetupWizardView.swift in Sources */,
			);
			runOnlyForDeploymentPostprocessing = 0;
		};
		F1FB6C593763F8F0F1FC92FC /* Sources */ = {
			isa = PBXSourcesBuildPhase;
			buildActionMask = 2147483647;
			files = (
				6422C56E51FC6D8522F73CA3 /* AppSettingsTests.swift in Sources */,
				90828B36415259B3B8641452 /* DateParsingTests.swift in Sources */,
				B11E299E34F6D5F2426A8447 /* ExpenseRecordTests.swift in Sources */,
				0FDCFD6D7AF6CEB3A32B6B7E /* JSONParsingTests.swift in Sources */,
			);
			runOnlyForDeploymentPostprocessing = 0;
		};
/* End PBXSourcesBuildPhase section */

/* Begin PBXTargetDependency section */
		6EDF16B43C4A2D6B6272E762 /* PBXTargetDependency */ = {
			isa = PBXTargetDependency;
			target = 956B42C178AFB64CFE890C62 /* ExpenseCapture */;
			targetProxy = 5E7B712539A580E64EFB2FB0 /* PBXContainerItemProxy */;
		};
/* End PBXTargetDependency section */

/* Begin XCBuildConfiguration section */
		1A78029A2321340AA041CCBC /* Debug */ = {
			isa = XCBuildConfiguration;
			buildSettings = {
				ALWAYS_SEARCH_USER_PATHS = NO;
				CLANG_ANALYZER_NONNULL = YES;
				CLANG_ANALYZER_NUMBER_OBJECT_CONVERSION = YES_AGGRESSIVE;
				CLANG_CXX_LANGUAGE_STANDARD = "gnu++14";
				CLANG_CXX_LIBRARY = "libc++";
				CLANG_ENABLE_MODULES = YES;
				CLANG_ENABLE_OBJC_ARC = YES;
				CLANG_ENABLE_OBJC_WEAK = YES;
				CLANG_WARN_BLOCK_CAPTURE_AUTORELEASING = YES;
				CLANG_WARN_BOOL_CONVERSION = YES;
				CLANG_WARN_COMMA = YES;
				CLANG_WARN_CONSTANT_CONVERSION = YES;
				CLANG_WARN_DEPRECATED_OBJC_IMPLEMENTATIONS = YES;
				CLANG_WARN_DIRECT_OBJC_ISA_USAGE = YES_ERROR;
				CLANG_WARN_DOCUMENTATION_COMMENTS = YES;
				CLANG_WARN_EMPTY_BODY = YES;
				CLANG_WARN_ENUM_CONVERSION = YES;
				CLANG_WARN_INFINITE_RECURSION = YES;
				CLANG_WARN_INT_CONVERSION = YES;
				CLANG_WARN_NON_LITERAL_NULL_CONVERSION = YES;
				CLANG_WARN_OBJC_IMPLICIT_RETAIN_SELF = YES;
				CLANG_WARN_OBJC_LITERAL_CONVERSION = YES;
				CLANG_WARN_OBJC_ROOT_CLASS = YES_ERROR;
				CLANG_WARN_QUOTED_INCLUDE_IN_FRAMEWORK_HEADER = YES;
				CLANG_WARN_RANGE_LOOP_ANALYSIS = YES;
				CLANG_WARN_STRICT_PROTOTYPES = YES;
				CLANG_WARN_SUSPICIOUS_MOVE = YES;
				CLANG_WARN_UNGUARDED_AVAILABILITY = YES_AGGRESSIVE;
				CLANG_WARN_UNREACHABLE_CODE = YES;
				CLANG_WARN__DUPLICATE_METHOD_MATCH = YES;
				COPY_PHASE_STRIP = NO;
				CURRENT_PROJECT_VERSION = 1;
				DEBUG_INFORMATION_FORMAT = dwarf;
				DEVELOPMENT_TEAM = "";
				ENABLE_STRICT_OBJC_MSGSEND = YES;
				ENABLE_TESTABILITY = YES;
				GCC_C_LANGUAGE_STANDARD = gnu11;
				GCC_DYNAMIC_NO_PIC = NO;
				GCC_NO_COMMON_BLOCKS = YES;
				GCC_OPTIMIZATION_LEVEL = 0;
				GCC_PREPROCESSOR_DEFINITIONS = (
					"$(inherited)",
					"DEBUG=1",
				);
				GCC_WARN_64_TO_32_BIT_CONVERSION = YES;
				GCC_WARN_ABOUT_RETURN_TYPE = YES_ERROR;
				GCC_WARN_UNDECLARED_SELECTOR = YES;
				GCC_WARN_UNINITIALIZED_AUTOS = YES_AGGRESSIVE;
				GCC_WARN_UNUSED_FUNCTION = YES;
				GCC_WARN_UNUSED_VARIABLE = YES;
				GENERATE_INFOPLIST_FILE = NO;
				IPHONEOS_DEPLOYMENT_TARGET = 17.0;
				MARKETING_VERSION = 1.0;
				MTL_ENABLE_DEBUG_INFO = INCLUDE_SOURCE;
				MTL_FAST_MATH = YES;
				ONLY_ACTIVE_ARCH = YES;
				PRODUCT_NAME = "$(TARGET_NAME)";
				SDKROOT = iphoneos;
				SWIFT_ACTIVE_COMPILATION_CONDITIONS = DEBUG;
				SWIFT_OPTIMIZATION_LEVEL = "-Onone";
				SWIFT_VERSION = 5.9;
			};
			name = Debug;
		};
		4580E60E37506D5E6352819D /* Release */ = {
			isa = XCBuildConfiguration;
			buildSettings = {
				ASSETCATALOG_COMPILER_APPICON_NAME = AppIcon;
				CODE_SIGN_ENTITLEMENTS = ExpenseCapture/ExpenseCapture.entitlements;
				CODE_SIGN_IDENTITY = "iPhone Developer";
				CODE_SIGN_STYLE = Automatic;
				DEVELOPMENT_TEAM = CVVVNK6HVK;
				ENABLE_USER_SCRIPT_SANDBOXING = NO;
				INFOPLIST_FILE = ExpenseCapture/Info.plist;
				IPHONEOS_DEPLOYMENT_TARGET = 17.0;
				LD_RUNPATH_SEARCH_PATHS = (
					"$(inherited)",
					"@executable_path/Frameworks",
				);
				PRODUCT_BUNDLE_IDENTIFIER = com.expensecapture.app;
				SDKROOT = iphoneos;
				SWIFT_VERSION = 5.9;
				TARGETED_DEVICE_FAMILY = 1;
			};
			name = Release;
		};
		B2A3E86E6FE0D3CA45DDC425 /* Debug */ = {
			isa = XCBuildConfiguration;
			buildSettings = {
				BUNDLE_LOADER = "$(TEST_HOST)";
				GENERATE_INFOPLIST_FILE = YES;
				IPHONEOS_DEPLOYMENT_TARGET = 17.0;
				LD_RUNPATH_SEARCH_PATHS = (
					"$(inherited)",
					"@executable_path/Frameworks",
					"@loader_path/Frameworks",
				);
				PRODUCT_BUNDLE_IDENTIFIER = com.expensecapture.tests;
				SDKROOT = iphoneos;
				SWIFT_VERSION = 5.9;
				TARGETED_DEVICE_FAMILY = "1,2";
				TEST_HOST = "$(BUILT_PRODUCTS_DIR)/ExpenseCapture.app/ExpenseCapture";
			};
			name = Debug;
		};
		C3404B044BBE91EF463AC202 /* Release */ = {
			isa = XCBuildConfiguration;
			buildSettings = {
				ALWAYS_SEARCH_USER_PATHS = NO;
				CLANG_ANALYZER_NONNULL = YES;
				CLANG_ANALYZER_NUMBER_OBJECT_CONVERSION = YES_AGGRESSIVE;
				CLANG_CXX_LANGUAGE_STANDARD = "gnu++14";
				CLANG_CXX_LIBRARY = "libc++";
				CLANG_ENABLE_MODULES = YES;
				CLANG_ENABLE_OBJC_ARC = YES;
				CLANG_ENABLE_OBJC_WEAK = YES;
				CLANG_WARN_BLOCK_CAPTURE_AUTORELEASING = YES;
				CLANG_WARN_BOOL_CONVERSION = YES;
				CLANG_WARN_COMMA = YES;
				CLANG_WARN_CONSTANT_CONVERSION = YES;
				CLANG_WARN_DEPRECATED_OBJC_IMPLEMENTATIONS = YES;
				CLANG_WARN_DIRECT_OBJC_ISA_USAGE = YES_ERROR;
				CLANG_WARN_DOCUMENTATION_COMMENTS = YES;
				CLANG_WARN_EMPTY_BODY = YES;
				CLANG_WARN_ENUM_CONVERSION = YES;
				CLANG_WARN_INFINITE_RECURSION = YES;
				CLANG_WARN_INT_CONVERSION = YES;
				CLANG_WARN_NON_LITERAL_NULL_CONVERSION = YES;
				CLANG_WARN_OBJC_IMPLICIT_RETAIN_SELF = YES;
				CLANG_WARN_OBJC_LITERAL_CONVERSION = YES;
				CLANG_WARN_OBJC_ROOT_CLASS = YES_ERROR;
				CLANG_WARN_QUOTED_INCLUDE_IN_FRAMEWORK_HEADER = YES;
				CLANG_WARN_RANGE_LOOP_ANALYSIS = YES;
				CLANG_WARN_STRICT_PROTOTYPES = YES;
				CLANG_WARN_SUSPICIOUS_MOVE = YES;
				CLANG_WARN_UNGUARDED_AVAILABILITY = YES_AGGRESSIVE;
				CLANG_WARN_UNREACHABLE_CODE = YES;
				CLANG_WARN__DUPLICATE_METHOD_MATCH = YES;
				COPY_PHASE_STRIP = NO;
				CURRENT_PROJECT_VERSION = 1;
				DEBUG_INFORMATION_FORMAT = "dwarf-with-dsym";
				DEVELOPMENT_TEAM = "";
				ENABLE_NS_ASSERTIONS = NO;
				ENABLE_STRICT_OBJC_MSGSEND = YES;
				GCC_C_LANGUAGE_STANDARD = gnu11;
				GCC_NO_COMMON_BLOCKS = YES;
				GCC_WARN_64_TO_32_BIT_CONVERSION = YES;
				GCC_WARN_ABOUT_RETURN_TYPE = YES_ERROR;
				GCC_WARN_UNDECLARED_SELECTOR = YES;
				GCC_WARN_UNINITIALIZED_AUTOS = YES_AGGRESSIVE;
				GCC_WARN_UNUSED_FUNCTION = YES;
				GCC_WARN_UNUSED_VARIABLE = YES;
				GENERATE_INFOPLIST_FILE = NO;
				IPHONEOS_DEPLOYMENT_TARGET = 17.0;
				MARKETING_VERSION = 1.0;
				MTL_ENABLE_DEBUG_INFO = NO;
				MTL_FAST_MATH = YES;
				PRODUCT_NAME = "$(TARGET_NAME)";
				SDKROOT = iphoneos;
				SWIFT_COMPILATION_MODE = wholemodule;
				SWIFT_OPTIMIZATION_LEVEL = "-O";
				SWIFT_VERSION = 5.9;
			};
			name = Release;
		};
		C97F3E3874A6BE59F3470B51 /* Debug */ = {
			isa = XCBuildConfiguration;
			buildSettings = {
				ASSETCATALOG_COMPILER_APPICON_NAME = AppIcon;
				CODE_SIGN_ENTITLEMENTS = ExpenseCapture/ExpenseCapture.entitlements;
				CODE_SIGN_IDENTITY = "iPhone Developer";
				CODE_SIGN_STYLE = Automatic;
				DEVELOPMENT_TEAM = CVVVNK6HVK;
				ENABLE_USER_SCRIPT_SANDBOXING = NO;
				INFOPLIST_FILE = ExpenseCapture/Info.plist;
				IPHONEOS_DEPLOYMENT_TARGET = 17.0;
				LD_RUNPATH_SEARCH_PATHS = (
					"$(inherited)",
					"@executable_path/Frameworks",
				);
				PRODUCT_BUNDLE_IDENTIFIER = com.expensecapture.app;
				SDKROOT = iphoneos;
				SWIFT_VERSION = 5.9;
				TARGETED_DEVICE_FAMILY = 1;
			};
			name = Debug;
		};
		D9BC6E2535AE6A97DE44B493 /* Release */ = {
			isa = XCBuildConfiguration;
			buildSettings = {
				BUNDLE_LOADER = "$(TEST_HOST)";
				GENERATE_INFOPLIST_FILE = YES;
				IPHONEOS_DEPLOYMENT_TARGET = 17.0;
				LD_RUNPATH_SEARCH_PATHS = (
					"$(inherited)",
					"@executable_path/Frameworks",
					"@loader_path/Frameworks",
				);
				PRODUCT_BUNDLE_IDENTIFIER = com.expensecapture.tests;
				SDKROOT = iphoneos;
				SWIFT_VERSION = 5.9;
				TARGETED_DEVICE_FAMILY = "1,2";
				TEST_HOST = "$(BUILT_PRODUCTS_DIR)/ExpenseCapture.app/ExpenseCapture";
			};
			name = Release;
		};
/* End XCBuildConfiguration section */

/* Begin XCConfigurationList section */
		0DDD88C342E18A29A7CBD4F9 /* Build configuration list for PBXNativeTarget "ExpenseCapture" */ = {
			isa = XCConfigurationList;
			buildConfigurations = (
				C97F3E3874A6BE59F3470B51 /* Debug */,
				4580E60E37506D5E6352819D /* Release */,
			);
			defaultConfigurationIsVisible = 0;
			defaultConfigurationName = Debug;
		};
		59BBBDAB034F5A2FFF5B3CC5 /* Build configuration list for PBXNativeTarget "ExpenseCaptureTests" */ = {
			isa = XCConfigurationList;
			buildConfigurations = (
				B2A3E86E6FE0D3CA45DDC425 /* Debug */,
				D9BC6E2535AE6A97DE44B493 /* Release */,
			);
			defaultConfigurationIsVisible = 0;
			defaultConfigurationName = Debug;
		};
		BFA3DB9F804F63FCD1D350A3 /* Build configuration list for PBXProject "ExpenseCapture" */ = {
			isa = XCConfigurationList;
			buildConfigurations = (
				1A78029A2321340AA041CCBC /* Debug */,
				C3404B044BBE91EF463AC202 /* Release */,
			);
			defaultConfigurationIsVisible = 0;
			defaultConfigurationName = Debug;
		};
/* End XCConfigurationList section */
	};
	rootObject = 2AB294ABC1021CCA3C5CFD93 /* Project object */;
}
